# This file is automatically @generated by Cargo.
# It is not intended for manual editing.
version = 4

[[package]]
name = "nac_ingest"
version = "0.1.0"
dependencies = [
 "nac_ledger",
]

[[package]]
name = "nac_ledger"
version = "0.1.0"

[[package]]
name = "nac_stream"
version = "0.1.0"
dependencies = [
 "nac_ledger",
]
